
Microsoft Visual Studio Solution File, Format Version 12.00
# Visual Studio Version 16
VisualStudioVersion = 16.0.31605.320
MinimumVisualStudioVersion = 10.0.40219.1
Project("{FAE04EC0-301F-11D3-BF4B-00C04F79EFBC}") = "DesignPatterns", "DesignPatterns.FactoryMethod\DesignPatterns.csproj", "{71E441A0-7B06-4448-B8F4-75BC76243022}"
EndProject
Global
	GlobalSection(SolutionConfigurationPlatforms) = preSolution
		Debug|Any CPU = Debug|Any CPU
		Release|Any CPU = Release|Any CPU
	EndGlobalSection
	GlobalSection(ProjectConfigurationPlatforms) = postSolution
		{71E441A0-7B06-4448-B8F4-75BC76243022}.Debug|Any CPU.ActiveCfg = Debug|Any CPU
		{71E441A0-7B06-4448-B8F4-75BC76243022}.Debug|Any CPU.Build.0 = Debug|Any CPU
		{71E441A0-7B06-4448-B8F4-75BC76243022}.Release|Any CPU.ActiveCfg = Release|Any CPU
		{71E441A0-7B06-4448-B8F4-75BC76243022}.Release|Any CPU.Build.0 = Release|Any CPU
	EndGlobalSection
	GlobalSection(SolutionProperties) = preSolution
		HideSolutionNode = FALSE
	EndGlobalSection
	GlobalSection(ExtensibilityGlobals) = postSolution
		SolutionGuid = {86B3E4BB-9256-41C7-A141-0B4EB7A042FE}
	EndGlobalSection
EndGlobal
